
Microsoft Visual Studio Solution File, Format Version 12.00
# Visual Studio 15
VisualStudioVersion = 15.0.28307.1340
MinimumVisualStudioVersion = 10.0.40219.1
Project("{FAE04EC0-301F-11D3-BF4B-00C04F79EFBC}") = "PLCSiemensSymulatorHMI", "PLCSiemensSymulatorHMI.csproj", "{CFE7EE1E-B4EF-4ADE-97EF-6E3D633CE898}"
EndProject
Project("{FAE04EC0-301F-11D3-BF4B-00C04F79EFBC}") = "PLCSiemensSymulatorHMI.PlcService", "..\PLCSiemensSymulatorHMI.PlcService\PLCSiemensSymulatorHMI.PlcService.csproj", "{3266180E-2F83-4903-9A76-E643F54A93A6}"
EndProject
Project("{FAE04EC0-301F-11D3-BF4B-00C04F79EFBC}") = "Sharp7", "..\Sharp7\Sharp7.csproj", "{727A506F-7521-46D4-ADA7-B612CCEE0757}"
EndProject
Project("{2150E333-8FDC-42A3-9474-1A3956D46DE8}") = "Solution Items", "Solution Items", "{CB0C036A-F3C9-4802-B675-F2847BFA3864}"
	ProjectSection(SolutionItems) = preProject
		Icon1.ico = Icon1.ico
	EndProjectSection
EndProject
Global
	GlobalSection(SolutionConfigurationPlatforms) = preSolution
		Debug|Any CPU = Debug|Any CPU
		Release|Any CPU = Release|Any CPU
	EndGlobalSection
	GlobalSection(ProjectConfigurationPlatforms) = postSolution
		{CFE7EE1E-B4EF-4ADE-97EF-6E3D633CE898}.Debug|Any CPU.ActiveCfg = Debug|Any CPU
		{CFE7EE1E-B4EF-4ADE-97EF-6E3D633CE898}.Debug|Any CPU.Build.0 = Debug|Any CPU
		{CFE7EE1E-B4EF-4ADE-97EF-6E3D633CE898}.Release|Any CPU.ActiveCfg = Release|Any CPU
		{CFE7EE1E-B4EF-4ADE-97EF-6E3D633CE898}.Release|Any CPU.Build.0 = Release|Any CPU
		{3266180E-2F83-4903-9A76-E643F54A93A6}.Debug|Any CPU.ActiveCfg = Debug|Any CPU
		{3266180E-2F83-4903-9A76-E643F54A93A6}.Debug|Any CPU.Build.0 = Debug|Any CPU
		{3266180E-2F83-4903-9A76-E643F54A93A6}.Release|Any CPU.ActiveCfg = Release|Any CPU
		{3266180E-2F83-4903-9A76-E643F54A93A6}.Release|Any CPU.Build.0 = Release|Any CPU
		{727A506F-7521-46D4-ADA7-B612CCEE0757}.Debug|Any CPU.ActiveCfg = Debug|Any CPU
		{727A506F-7521-46D4-ADA7-B612CCEE0757}.Debug|Any CPU.Build.0 = Debug|Any CPU
		{727A506F-7521-46D4-ADA7-B612CCEE0757}.Release|Any CPU.ActiveCfg = Release|Any CPU
		{727A506F-7521-46D4-ADA7-B612CCEE0757}.Release|Any CPU.Build.0 = Release|Any CPU
	EndGlobalSection
	GlobalSection(SolutionProperties) = preSolution
		HideSolutionNode = FALSE
	EndGlobalSection
	GlobalSection(ExtensibilityGlobals) = postSolution
		SolutionGuid = {259E5AFA-DA40-4313-ACCB-D9CEF92DC208}
	EndGlobalSection
EndGlobal
